
Microsoft Visual Studio Solution File, Format Version 12.00
# Visual Studio Version 16
VisualStudioVersion = 16.0.29009.5
MinimumVisualStudioVersion = 10.0.40219.1
Project("{FAE04EC0-301F-11D3-BF4B-00C04F79EFBC}") = "Game Caro", "Game Caro\Game Caro.csproj", "{FBC8E721-3171-4A37-BA79-BC8A1C3B55F1}"
EndProject
Global
	GlobalSection(SolutionConfigurationPlatforms) = preSolution
		Debug|Any CPU = Debug|Any CPU
		Release|Any CPU = Release|Any CPU
	EndGlobalSection
	GlobalSection(ProjectConfigurationPlatforms) = postSolution
		{FBC8E721-3171-4A37-BA79-BC8A1C3B55F1}.Debug|Any CPU.ActiveCfg = Debug|Any CPU
		{FBC8E721-3171-4A37-BA79-BC8A1C3B55F1}.Debug|Any CPU.Build.0 = Debug|Any CPU
		{FBC8E721-3171-4A37-BA79-BC8A1C3B55F1}.Release|Any CPU.ActiveCfg = Release|Any CPU
		{FBC8E721-3171-4A37-BA79-BC8A1C3B55F1}.Release|Any CPU.Build.0 = Release|Any CPU
	EndGlobalSection
	GlobalSection(SolutionProperties) = preSolution
		HideSolutionNode = FALSE
	EndGlobalSection
	GlobalSection(ExtensibilityGlobals) = postSolution
		SolutionGuid = {D85DEBE9-EC25-46B0-A0EF-0DFC8E4543B3}
	EndGlobalSection
EndGlobal
